// !$*UTF8*$!
{
	archiveVersion = 1;
	classes = {
	};
	objectVersion = 55;
	objects = {

/* Begin PBXBuildFile section */
		DEB156482896CA4B00269990 /* WonderfulIndonesiaApp.swift in Sources */ = {isa = PBXBuildFile; fileRef = DEB156472896CA4B00269990 /* WonderfulIndonesiaApp.swift */; };
		DEB1564A2896CA4B00269990 /* ContentView.swift in Sources */ = {isa = PBXBuildFile; fileRef = DEB156492896CA4B00269990 /* ContentView.swift */; };
		DEB1564C2896CA4F00269990 /* Assets.xcassets in Resources */ = {isa = PBXBuildFile; fileRef = DEB1564B2896CA4F00269990 /* Assets.xcassets */; };
		DEB1564F2896CA4F00269990 /* Preview Assets.xcassets in Resources */ = {isa = PBXBuildFile; fileRef = DEB1564E2896CA4F00269990 /* Preview Assets.xcassets */; };
		DEB156582896CABD00269990 /* PlaceModel.swift in Sources */ = {isa = PBXBuildFile; fileRef = DEB156572896CABD00269990 /* PlaceModel.swift */; };
		DEB1565A2896CBEA00269990 /* PlaceController.swift in Sources */ = {isa = PBXBuildFile; fileRef = DEB156592896CBEA00269990 /* PlaceController.swift */; };
		DEDEB1D62897D8DF0042E663 /* PlaceDetailView.swift in Sources */ = {isa = PBXBuildFile; fileRef = DEDEB1D52897D8DE0042E663 /* PlaceDetailView.swift */; };
		DEDEB1D82897E69E0042E663 /* ProfileView.swift in Sources */ = {isa = PBXBuildFile; fileRef = DEDEB1D72897E69E0042E663 /* ProfileView.swift */; };
/* End PBXBuildFile section */

/* Begin PBXFileReference section */
		DEB156442896CA4B00269990 /* WonderfulIndonesia.app */ = {isa = PBXFileReference; explicitFileType = wrapper.application; includeInIndex = 0; path = WonderfulIndonesia.app; sourceTree = BUILT_PRODUCTS_DIR; };
		DEB156472896CA4B00269990 /* WonderfulIndonesiaApp.swift */ = {isa = PBXFileReference; lastKnownFileType = sourcecode.swift; path = WonderfulIndonesiaApp.swift; sourceTree = "<group>"; };
		DEB156492896CA4B00269990 /* ContentView.swift */ = {isa = PBXFileReference; lastKnownFileType = sourcecode.swift; path = ContentView.swift; sourceTree = "<group>"; };
		DEB1564B2896CA4F00269990 /* Assets.xcassets */ = {isa = PBXFileReference; lastKnownFileType = folder.assetcatalog; path = Assets.xcassets; sourceTree = "<group>"; };
		DEB1564E2896CA4F00269990 /* Preview Assets.xcassets */ = {isa = PBXFileReference; lastKnownFileType = folder.assetcatalog; path = "Preview Assets.xcassets"; sourceTree = "<group>"; };
		DEB156572896CABD00269990 /* PlaceModel.swift */ = {isa = PBXFileReference; lastKnownFileType = sourcecode.swift; path = PlaceModel.swift; sourceTree = "<group>"; };
		DEB156592896CBEA00269990 /* PlaceController.swift */ = {isa = PBXFileReference; lastKnownFileType = sourcecode.swift; path = PlaceController.swift; sourceTree = "<group>"; };
		DEDEB1D52897D8DE0042E663 /* PlaceDetailView.swift */ = {isa = PBXFileReference; lastKnownFileType = sourcecode.swift; path = PlaceDetailView.swift; sourceTree = "<group>"; };
		DEDEB1D72897E69E0042E663 /* ProfileView.swift */ = {isa = PBXFileReference; lastKnownFileType = sourcecode.swift; path = ProfileView.swift; sourceTree = "<group>"; };
/* End PBXFileReference section */

/* Begin PBXFrameworksBuildPhase section */
		DEB156412896CA4B00269990 /* Frameworks */ = {
			isa = PBXFrameworksBuildPhase;
			buildActionMask = 2147483647;
			files = (
			);
			runOnlyForDeploymentPostprocessing = 0;
		};
/* End PBXFrameworksBuildPhase section */

/* Begin PBXGroup section */
		DEB1563B2896CA4B00269990 = {
			isa = PBXGroup;
			children = (
				DEB156462896CA4B00269990 /* WonderfulIndonesia */,
				DEB156452896CA4B00269990 /* Products */,
			);
			sourceTree = "<group>";
		};
		DEB156452896CA4B00269990 /* Products */ = {
			isa = PBXGroup;
			children = (
				DEB156442896CA4B00269990 /* WonderfulIndonesia.app */,
			);
			name = Products;
			sourceTree = "<group>";
		};
		DEB156462896CA4B00269990 /* WonderfulIndonesia */ = {
			isa = PBXGroup;
			children = (
				DEB156562896CA9500269990 /* Controller */,
				DEB156552896CA8F00269990 /* Model */,
				DEDEB1D42897D8C00042E663 /* View */,
				DEB156472896CA4B00269990 /* WonderfulIndonesiaApp.swift */,
				DEB156492896CA4B00269990 /* ContentView.swift */,
				DEB1564B2896CA4F00269990 /* Assets.xcassets */,
				DEB1564D2896CA4F00269990 /* Preview Content */,
			);
			path = WonderfulIndonesia;
			sourceTree = "<group>";
		};
		DEB1564D2896CA4F00269990 /* Preview Content */ = {
			isa = PBXGroup;
			children = (
				DEB1564E2896CA4F00269990 /* Preview Assets.xcassets */,
			);
			path = "Preview Content";
			sourceTree = "<group>";
		};
		DEB156552896CA8F00269990 /* Model */ = {
			isa = PBXGroup;
			children = (
				DEB156572896CABD00269990 /* PlaceModel.swift */,
			);
			path = Model;
			sourceTree = "<group>";
		};
		DEB156562896CA9500269990 /* Controller */ = {
			isa = PBXGroup;
			children = (
				DEB156592896CBEA00269990 /* PlaceController.swift */,
			);
			path = Controller;
			sourceTree = "<group>";
		};
		DEDEB1D42897D8C00042E663 /* View */ = {
			isa = PBXGroup;
			children = (
				DEDEB1D52897D8DE0042E663 /* PlaceDetailView.swift */,
				DEDEB1D72897E69E0042E663 /* ProfileView.swift */,
			);
			path = View;
			sourceTree = "<group>";
		};
/* End PBXGroup section */

/* Begin PBXNativeTarget section */
		DEB156432896CA4B00269990 /* WonderfulIndonesia */ = {
			isa = PBXNativeTarget;
			buildConfigurationList = DEB156522896CA4F00269990 /* Build configuration list for PBXNativeTarget "WonderfulIndonesia" */;
			buildPhases = (
				DEB156402896CA4B00269990 /* Sources */,
				DEB156412896CA4B00269990 /* Frameworks */,
				DEB156422896CA4B00269990 /* Resources */,
			);
			buildRules = (
			);
			dependencies = (
			);
			name = WonderfulIndonesia;
			productName = WonderfulIndonesia;
			productReference = DEB156442896CA4B00269990 /* WonderfulIndonesia.app */;
			productType = "com.apple.product-type.application";
		};
/* End PBXNativeTarget section */

/* Begin PBXProject section */
		DEB1563C2896CA4B00269990 /* Project object */ = {
			isa = PBXProject;
			attributes = {
				BuildIndependentTargetsInParallel = 1;
				LastSwiftUpdateCheck = 1340;
				LastUpgradeCheck = 1340;
				TargetAttributes = {
					DEB156432896CA4B00269990 = {
						CreatedOnToolsVersion = 13.4.1;
					};
				};
			};
			buildConfigurationList = DEB1563F2896CA4B00269990 /* Build configuration list for PBXProject "WonderfulIndonesia" */;
			compatibilityVersion = "Xcode 13.0";
			developmentRegion = en;
			hasScannedForEncodings = 0;
			knownRegions = (
				en,
				Base,
			);
			mainGroup = DEB1563B2896CA4B00269990;
			productRefGroup = DEB156452896CA4B00269990 /* Products */;
			projectDirPath = "";
			projectRoot = "";
			targets = (
				DEB156432896CA4B00269990 /* WonderfulIndonesia */,
			);
		};
/* End PBXProject section */

/* Begin PBXResourcesBuildPhase section */
		DEB156422896CA4B00269990 /* Resources */ = {
			isa = PBXResourcesBuildPhase;
			buildActionMask = 2147483647;
			files = (
				DEB1564F2896CA4F00269990 /* Preview Assets.xcassets in Resources */,
				DEB1564C2896CA4F00269990 /* Assets.xcassets in Resources */,
			);
			runOnlyForDeploymentPostprocessing = 0;
		};
/* End PBXResourcesBuildPhase section */

/* Begin PBXSourcesBuildPhase section */
		DEB156402896CA4B00269990 /* Sources */ = {
			isa = PBXSourcesBuildPhase;
			buildActionMask = 2147483647;
			files = (
				DEB156582896CABD00269990 /* PlaceModel.swift in Sources */,
				DEB1565A2896CBEA00269990 /* PlaceController.swift in Sources */,
				DEB1564A2896CA4B00269990 /* ContentView.swift in Sources */,
				DEB156482896CA4B00269990 /* WonderfulIndonesiaApp.swift in Sources */,
				DEDEB1D82897E69E0042E663 /* ProfileView.swift in Sources */,
				DEDEB1D62897D8DF0042E663 /* PlaceDetailView.swift in Sources */,
			);
			runOnlyForDeploymentPostprocessing = 0;
		};
/* End PBXSourcesBuildPhase section */

/* Begin XCBuildConfiguration section */
		DEB156502896CA4F00269990 /* Debug */ = {
			isa = XCBuildConfiguration;
			buildSettings = {
				ALWAYS_SEARCH_USER_PATHS = NO;
				CLANG_ANALYZER_NONNULL = YES;
				CLANG_ANALYZER_NUMBER_OBJECT_CONVERSION = YES_AGGRESSIVE;
				CLANG_CXX_LANGUAGE_STANDARD = "gnu++17";
				CLANG_ENABLE_MODULES = YES;
				CLANG_ENABLE_OBJC_ARC = YES;
				CLANG_ENABLE_OBJC_WEAK = YES;
				CLANG_WARN_BLOCK_CAPTURE_AUTORELEASING = YES;
				CLANG_WARN_BOOL_CONVERSION = YES;
				CLANG_WARN_COMMA = YES;
				CLANG_WARN_CONSTANT_CONVERSION = YES;
				CLANG_WARN_DEPRECATED_OBJC_IMPLEMENTATIONS = YES;
				CLANG_WARN_DIRECT_OBJC_ISA_USAGE = YES_ERROR;
				CLANG_WARN_DOCUMENTATION_COMMENTS = YES;
				CLANG_WARN_EMPTY_BODY = YES;
				CLANG_WARN_ENUM_CONVERSION = YES;
				CLANG_WARN_INFINITE_RECURSION = YES;
				CLANG_WARN_INT_CONVERSION = YES;
				CLANG_WARN_NON_LITERAL_NULL_CONVERSION = YES;
				CLANG_WARN_OBJC_IMPLICIT_RETAIN_SELF = YES;
				CLANG_WARN_OBJC_LITERAL_CONVERSION = YES;
				CLANG_WARN_OBJC_ROOT_CLASS = YES_ERROR;
				CLANG_WARN_QUOTED_INCLUDE_IN_FRAMEWORK_HEADER = YES;
				CLANG_WARN_RANGE_LOOP_ANALYSIS = YES;
				CLANG_WARN_STRICT_PROTOTYPES = YES;
				CLANG_WARN_SUSPICIOUS_MOVE = YES;
				CLANG_WARN_UNGUARDED_AVAILABILITY = YES_AGGRESSIVE;
				CLANG_WARN_UNREACHABLE_CODE = YES;
				CLANG_WARN__DUPLICATE_METHOD_MATCH = YES;
				COPY_PHASE_STRIP = NO;
				DEBUG_INFORMATION_FORMAT = dwarf;
				ENABLE_STRICT_OBJC_MSGSEND = YES;
				ENABLE_TESTABILITY = YES;
				GCC_C_LANGUAGE_STANDARD = gnu11;
				GCC_DYNAMIC_NO_PIC = NO;
				GCC_NO_COMMON_BLOCKS = YES;
				GCC_OPTIMIZATION_LEVEL = 0;
				GCC_PREPROCESSOR_DEFINITIONS = (
					"DEBUG=1",
					"$(inherited)",
				);
				GCC_WARN_64_TO_32_BIT_CONVERSION = YES;
				GCC_WARN_ABOUT_RETURN_TYPE = YES_ERROR;
				GCC_WARN_UNDECLARED_SELECTOR = YES;
				GCC_WARN_UNINITIALIZED_AUTOS = YES_AGGRESSIVE;
				GCC_WARN_UNUSED_FUNCTION = YES;
				GCC_WARN_UNUSED_VARIABLE = YES;
				IPHONEOS_DEPLOYMENT_TARGET = 15.5;
				MTL_ENABLE_DEBUG_INFO = INCLUDE_SOURCE;
				MTL_FAST_MATH = YES;
				ONLY_ACTIVE_ARCH = YES;
				SDKROOT = iphoneos;
				SWIFT_ACTIVE_COMPILATION_CONDITIONS = DEBUG;
				SWIFT_OPTIMIZATION_LEVEL = "-Onone";
			};
			name = Debug;
		};
		DEB156512896CA4F00269990 /* Release */ = {
			isa = XCBuildConfiguration;
			buildSettings = {
				ALWAYS_SEARCH_USER_PATHS = NO;
				CLANG_ANALYZER_NONNULL = YES;
				CLANG_ANALYZER_NUMBER_OBJECT_CONVERSION = YES_AGGRESSIVE;
				CLANG_CXX_LANGUAGE_STANDARD = "gnu++17";
				CLANG_ENABLE_MODULES = YES;
				CLANG_ENABLE_OBJC_ARC = YES;
				CLANG_ENABLE_OBJC_WEAK = YES;
				CLANG_WARN_BLOCK_CAPTURE_AUTORELEASING = YES;
				CLANG_WARN_BOOL_CONVERSION = YES;
				CLANG_WARN_COMMA = YES;
				CLANG_WARN_CONSTANT_CONVERSION = YES;
				CLANG_WARN_DEPRECATED_OBJC_IMPLEMENTATIONS = YES;
				CLANG_WARN_DIRECT_OBJC_ISA_USAGE = YES_ERROR;
				CLANG_WARN_DOCUMENTATION_COMMENTS = YES;
				CLANG_WARN_EMPTY_BODY = YES;
				CLANG_WARN_ENUM_CONVERSION = YES;
				CLANG_WARN_INFINITE_RECURSION = YES;
				CLANG_WARN_INT_CONVERSION = YES;
				CLANG_WARN_NON_LITERAL_NULL_CONVERSION = YES;
				CLANG_WARN_OBJC_IMPLICIT_RETAIN_SELF = YES;
				CLANG_WARN_OBJC_LITERAL_CONVERSION = YES;
				CLANG_WARN_OBJC_ROOT_CLASS = YES_ERROR;
				CLANG_WARN_QUOTED_INCLUDE_IN_FRAMEWORK_HEADER = YES;
				CLANG_WARN_RANGE_LOOP_ANALYSIS = YES;
				CLANG_WARN_STRICT_PROTOTYPES = YES;
				CLANG_WARN_SUSPICIOUS_MOVE = YES;
				CLANG_WARN_UNGUARDED_AVAILABILITY = YES_AGGRESSIVE;
				CLANG_WARN_UNREACHABLE_CODE = YES;
				CLANG_WARN__DUPLICATE_METHOD_MATCH = YES;
				COPY_PHASE_STRIP = NO;
				DEBUG_INFORMATION_FORMAT = "dwarf-with-dsym";
				ENABLE_NS_ASSERTIONS = NO;
				ENABLE_STRICT_OBJC_MSGSEND = YES;
				GCC_C_LANGUAGE_STANDARD = gnu11;
				GCC_NO_COMMON_BLOCKS = YES;
				GCC_WARN_64_TO_32_BIT_CONVERSION = YES;
				GCC_WARN_ABOUT_RETURN_TYPE = YES_ERROR;
				GCC_WARN_UNDECLARED_SELECTOR = YES;
				GCC_WARN_UNINITIALIZED_AUTOS = YES_AGGRESSIVE;
				GCC_WARN_UNUSED_FUNCTION = YES;
				GCC_WARN_UNUSED_VARIABLE = YES;
				IPHONEOS_DEPLOYMENT_TARGET = 15.5;
				MTL_ENABLE_DEBUG_INFO = NO;
				MTL_FAST_MATH = YES;
				SDKROOT = iphoneos;
				SWIFT_COMPILATION_MODE = wholemodule;
				SWIFT_OPTIMIZATION_LEVEL = "-O";
				VALIDATE_PRODUCT = YES;
			};
			name = Release;
		};
		DEB156532896CA4F00269990 /* Debug */ = {
			isa = XCBuildConfiguration;
			buildSettings = {
				ASSETCATALOG_COMPILER_APPICON_NAME = AppIcon;
				ASSETCATALOG_COMPILER_GLOBAL_ACCENT_COLOR_NAME = AccentColor;
				CODE_SIGN_STYLE = Automatic;
				CURRENT_PROJECT_VERSION = 1;
				DEVELOPMENT_ASSET_PATHS = "\"WonderfulIndonesia/Preview Content\"";
				DEVELOPMENT_TEAM = 7RJS2CHD8W;
				ENABLE_PREVIEWS = YES;
				GENERATE_INFOPLIST_FILE = YES;
				INFOPLIST_KEY_UIApplicationSceneManifest_Generation = YES;
				INFOPLIST_KEY_UIApplicationSupportsIndirectInputEvents = YES;
				INFOPLIST_KEY_UILaunchScreen_Generation = YES;
				INFOPLIST_KEY_UISupportedInterfaceOrientations_iPad = "UIInterfaceOrientationPortrait UIInterfaceOrientationPortraitUpsideDown UIInterfaceOrientationLandscapeLeft UIInterfaceOrientationLandscapeRight";
				INFOPLIST_KEY_UISupportedInterfaceOrientations_iPhone = "UIInterfaceOrientationPortrait UIInterfaceOrientationLandscapeLeft UIInterfaceOrientationLandscapeRight";
				LD_RUNPATH_SEARCH_PATHS = (
					"$(inherited)",
					"@executable_path/Frameworks",
				);
				MARKETING_VERSION = 1.0;
				PRODUCT_BUNDLE_IDENTIFIER = com.ridhaaf.com.WonderfulIndonesia;
				PRODUCT_NAME = WonderfulIndonesia;
				SWIFT_EMIT_LOC_STRINGS = YES;
				SWIFT_VERSION = 5.0;
				TARGETED_DEVICE_FAMILY = "1,2";
			};
			name = Debug;
		};
		DEB156542896CA4F00269990 /* Release */ = {
			isa = XCBuildConfiguration;
			buildSettings = {
				ASSETCATALOG_COMPILER_APPICON_NAME = AppIcon;
				ASSETCATALOG_COMPILER_GLOBAL_ACCENT_COLOR_NAME = AccentColor;
				CODE_SIGN_STYLE = Automatic;
				CURRENT_PROJECT_VERSION = 1;
				DEVELOPMENT_ASSET_PATHS = "\"WonderfulIndonesia/Preview Content\"";
				DEVELOPMENT_TEAM = 7RJS2CHD8W;
				ENABLE_PREVIEWS = YES;
				GENERATE_INFOPLIST_FILE = YES;
				INFOPLIST_KEY_UIApplicationSceneManifest_Generation = YES;
				INFOPLIST_KEY_UIApplicationSupportsIndirectInputEvents = YES;
				INFOPLIST_KEY_UILaunchScreen_Generation = YES;
				INFOPLIST_KEY_UISupportedInterfaceOrientations_iPad = "UIInterfaceOrientationPortrait UIInterfaceOrientationPortraitUpsideDown UIInterfaceOrientationLandscapeLeft UIInterfaceOrientationLandscapeRight";
				INFOPLIST_KEY_UISupportedInterfaceOrientations_iPhone = "UIInterfaceOrientationPortrait UIInterfaceOrientationLandscapeLeft UIInterfaceOrientationLandscapeRight";
				LD_RUNPATH_SEARCH_PATHS = (
					"$(inherited)",
					"@executable_path/Frameworks",
				);
				MARKETING_VERSION = 1.0;
				PRODUCT_BUNDLE_IDENTIFIER = com.ridhaaf.com.WonderfulIndonesia;
				PRODUCT_NAME = WonderfulIndonesia;
				SWIFT_EMIT_LOC_STRINGS = YES;
				SWIFT_VERSION = 5.0;
				TARGETED_DEVICE_FAMILY = "1,2";
			};
			name = Release;
		};
/* End XCBuildConfiguration section */

/* Begin XCConfigurationList section */
		DEB1563F2896CA4B00269990 /* Build configuration list for PBXProject "WonderfulIndonesia" */ = {
			isa = XCConfigurationList;
			buildConfigurations = (
				DEB156502896CA4F00269990 /* Debug */,
				DEB156512896CA4F00269990 /* Release */,
			);
			defaultConfigurationIsVisible = 0;
			defaultConfigurationName = Release;
		};
		DEB156522896CA4F00269990 /* Build configuration list for PBXNativeTarget "WonderfulIndonesia" */ = {
			isa = XCConfigurationList;
			buildConfigurations = (
				DEB156532896CA4F00269990 /* Debug */,
				DEB156542896CA4F00269990 /* Release */,
			);
			defaultConfigurationIsVisible = 0;
			defaultConfigurationName = Release;
		};
/* End XCConfigurationList section */
	};
	rootObject = DEB1563C2896CA4B00269990 /* Project object */;
}
